dependencies:
  '@microsoft/rush-lib': 5.33.2
  js-yaml: 3.14.0
lockfileVersion: 5.1
packages:
  /@babel/code-frame/7.10.4:
    dependencies:
      '@babel/highlight': 7.10.4
    dev: false
    resolution:
      integrity: sha512-vG6SvB6oYEhvgisZNFRmRCUkLz11c7rp+tbNTynGqc6mS1d5ATd/sGyV6W0KZZnXRKMTzZDRgQT3Ou9jhpAfUg==
  /@babel/helper-validator-identifier/7.10.4:
    dev: false
    resolution:
      integrity: sha512-3U9y+43hz7ZM+rzG24Qe2mufW5KhvFg/NhnNph+i9mgCtdTCtMJuI1TMkrIUiK7Ix4PYlRF9I5dhqaLYA/ADXw==
  /@babel/highlight/7.10.4:
    dependencies:
      '@babel/helper-validator-identifier': 7.10.4
      chalk: 2.4.2
      js-tokens: 4.0.0
    dev: false
    resolution:
      integrity: sha512-i6rgnR/YgPEQzZZnbTHHuZdlE8qyoBNalD6F+q4vAFlcMEcqmkoG+mPqJYJCo63qPf74+Y1UZsl3l6f7/RIkmA==
  /@microsoft/rush-lib/5.33.2:
    dependencies:
      '@pnpm/link-bins': 5.3.13
      '@rushstack/node-core-library': 3.28.0
      '@rushstack/package-deps-hash': 2.4.44
      '@rushstack/stream-collator': 3.2.43
      '@rushstack/ts-command-line': 4.6.1
      '@yarnpkg/lockfile': 1.0.2
      builtin-modules: 3.1.0
      cli-table: 0.3.1
      colors: 1.2.5
      git-repo-info: 2.1.1
      glob: 7.0.6
      glob-escape: 0.0.2
      https-proxy-agent: 2.2.4
      ignore: 5.1.8
      inquirer: 6.2.2
      js-yaml: 3.13.1
      jszip: 3.5.0
      lodash: 4.17.20
      minimatch: 3.0.4
      node-fetch: 2.1.2
      npm-package-arg: 6.1.1
      npm-packlist: 2.1.2
      read-package-tree: 5.1.6
      resolve: 1.17.0
      semver: 7.3.2
      ssri: 8.0.0
      strict-uri-encode: 2.0.0
      tar: 5.0.5
      true-case-path: 2.2.1
      wordwrap: 1.0.0
      z-schema: 3.18.4
    dev: false
    engines:
      node: '>=5.6.0'
    resolution:
      integrity: sha512-rheYnnZ0YG3U7jqUFPRjsD5n6BxEqRDmVEmstsjmfGYkRgKlcOw/iAc5eAzZx4gE9jJcRlkgSZ7T8IKSz9m72w==
  /@pnpm/error/1.3.1:
    dev: false
    engines:
      node: '>=10.13'
    resolution:
      integrity: sha512-So1QNyJzz+HCSXZfCD+uGJSz8KpvB/iZ4p8I3c80CF9NzCMqqbdtrqyTp91f9DSiGo6dUS18TKxr3bOqi1j+TA==
  /@pnpm/link-bins/5.3.13:
    dependencies:
      '@pnpm/error': 1.3.1
      '@pnpm/package-bins': 4.0.7
      '@pnpm/read-modules-dir': 2.0.3
      '@pnpm/read-package-json': 3.1.5
      '@pnpm/read-project-manifest': 1.0.13
      '@pnpm/types': 6.2.0
      '@zkochan/cmd-shim': 5.0.0
      is-subdir: 1.1.1
      is-windows: 1.0.2
      mz: 2.7.0
      normalize-path: 3.0.0
      p-settle: 4.1.1
      ramda: 0.27.1
    dev: false
    engines:
      node: '>=10.13'
    resolution:
      integrity: sha512-imTnBKb8gE8nGYKWB4G7b4fOneaALTqTsKA/ksHOMHBLRXih64qfzVQbs3MHfKld5BdbIyHoptBH4PKst9vnGg==
  /@pnpm/package-bins/4.0.7:
    dependencies:
      '@pnpm/types': 6.2.0
      graceful-fs: 4.2.4
      is-subdir: 1.1.1
      p-filter: 2.1.0
    dev: false
    engines:
      node: '>=10.13'
    resolution:
      integrity: sha512-I2RP5eFzEQzVpG3ZZecXe+WkAEK8TfIay8rrFJeCfspWZeD5J6XN4WrYiXRTieCKSY27ck7pAn3uD75Kg0fhJg==
  /@pnpm/read-modules-dir/2.0.3:
    dependencies:
      mz: 2.7.0
    dev: false
    engines:
      node: '>=10.13'
    resolution:
      integrity: sha512-i9OgRvSlxrTS9a2oXokhDxvQzDtfqtsooJ9jaGoHkznue5aFCTSrNZFQ6M18o8hC03QWfnxaKi0BtOvNkKu2+A==
  /@pnpm/read-package-json/3.1.5:
    dependencies:
      '@pnpm/error': 1.3.1
      '@pnpm/types': 6.2.0
      read-package-json: 2.1.2
    dev: false
    engines:
      node: '>=10.13'
    resolution:
      integrity: sha512-C+wm51vA7sESiy1ZYscdrUUnUeBigY3RAFZ8LthuRLZ3swhBmhjsjtSgmrH7jn1ZwjKukBjg+DlP5Iaykp6MTQ==
  /@pnpm/read-project-manifest/1.0.13:
    dependencies:
      '@pnpm/error': 1.3.1
      '@pnpm/types': 6.2.0
      '@pnpm/write-project-manifest': 1.1.1
      detect-indent: 6.0.0
      fast-deep-equal: 3.1.3
      graceful-fs: 4.2.4
      is-windows: 1.0.2
      json5: 2.1.3
      parse-json: 5.1.0
      read-yaml-file: 2.0.0
      sort-keys: 4.0.0
      strip-bom: 4.0.0
    dev: false
    engines:
      node: '>=10.13'
    resolution:
      integrity: sha512-Gei/tTA/qXO8arbhRDXTcdoBgnhNscDz1F0jIS56sT8BoiJyGAupPPwJnc5/GRHGJhPsnXasQS7RxAIDHZhvtg==
  /@pnpm/types/6.2.0:
    dev: false
    engines:
      node: '>=10.13'
    resolution:
      integrity: sha512-UQIu6DzsMo0H/wA5zKga3WpMyq38daFmAgvcz/QtttMkZsI75tH4J/ZGIKMGMj1wXgfp+2rGpbcr/Lv9kbMIrw==
  /@pnpm/write-project-manifest/1.1.1:
    dependencies:
      '@pnpm/types': 6.2.0
      json5: 2.1.3
      mz: 2.7.0
      write-file-atomic: 3.0.3
      write-yaml-file: 4.1.0
    dev: false
    engines:
      node: '>=10.13'
    resolution:
      integrity: sha512-diiSQt85CJ2mEf06NSKN/T2LNpfabVg9yDz7ysZ7J9h+SFHc/yKR+AgQYUHlNwGHFqZoO09JS755hlHHM2f+lg==
  /@rushstack/node-core-library/3.28.0:
    dependencies:
      '@types/node': 10.17.13
      colors: 1.2.5
      fs-extra: 7.0.1
      import-lazy: 4.0.0
      jju: 1.4.0
      semver: 7.3.2
      timsort: 0.3.0
      z-schema: 3.18.4
    dev: false
    resolution:
      integrity: sha512-9I9kSbZCwjx6y5F6HejTE529xDYIlGM8mu691XtyLl4OzX+1EZ4xxOXkWVVxirolk6SilDu5UqSeFuVgmb5dwA==
  /@rushstack/package-deps-hash/2.4.44:
    dependencies:
      '@rushstack/node-core-library': 3.28.0
    dev: false
    resolution:
      integrity: sha512-EBz0+VsC7ti1IKS3iACTbrgm5f9+gqAsaZdWhovJ1Gjh9wIfI2zcht7il9WiZdYwjSCfC/56bexjjfw1KFjiKQ==
  /@rushstack/stream-collator/3.2.43:
    dependencies:
      colors: 1.2.5
    dev: false
    resolution:
      integrity: sha512-xeEFYaahkDQwo+Y8f+VMA8VgH6JYCDIEb0HMO/CxiDaPd1MkoDZf9Hnkyv/hwRhvvPQjwazzY4s0MegusGGvKQ==
  /@rushstack/ts-command-line/4.6.1:
    dependencies:
      '@types/argparse': 1.0.38
      argparse: 1.0.10
      colors: 1.2.5
      string-argv: 0.3.1
    dev: false
    resolution:
      integrity: sha512-Vzi9gVZiv0iA+vLp48ddvyjR7XpkrBgF2X/BEEPtapNkQMkOA1Z01QTtsCWBK0xc1k59R3L6VaM+ilHpPaMpHA==
  /@types/argparse/1.0.38:
    dev: false
    resolution:
      integrity: sha512-ebDJ9b0e702Yr7pWgB0jzm+CX4Srzz8RcXtLJDJB+BSccqMa36uyH/zUsSYao5+BD1ytv3k3rPYCq4mAE1hsXA==
  /@types/node/10.17.13:
    dev: false
    resolution:
      integrity: sha512-pMCcqU2zT4TjqYFrWtYHKal7Sl30Ims6ulZ4UFXxI4xbtQqK/qqKwkDoBFCfooRqqmRu9vY3xaJRwxSh673aYg==
  /@yarnpkg/lockfile/1.0.2:
    dev: false
    resolution:
      integrity: sha512-MqJ00WXw89ga0rK6GZkdmmgv3bAsxpJixyTthjcix73O44pBqotyU2BejBkLuIsaOBI6SEu77vAnSyLe5iIHkw==
  /@zkochan/cmd-shim/5.0.0:
    dependencies:
      is-windows: 1.0.2
    dev: false
    engines:
      node: '>=10.13'
    resolution:
      integrity: sha512-9hBJPDVzyfoKvwG1x5BpL4djQt7yCWpnpGgomtvZWaMcB6C5UWtfOZBf3f/oYXVhRK89mKgfbpiD/JhwnbSQ1Q==
  /agent-base/4.3.0:
    dependencies:
      es6-promisify: 5.0.0
    dev: false
    engines:
      node: '>= 4.0.0'
    resolution:
      integrity: sha512-salcGninV0nPrwpGNn4VTXBb1SOuXQBiqbrNXoeizJsHrsL6ERFM2Ne3JUSBWRE6aeNJI2ROP/WEEIDUiDe3cg==
  /ansi-escapes/3.2.0:
    dev: false
    engines:
      node: '>=4'
    resolution:
      integrity: sha512-cBhpre4ma+U0T1oM5fXg7Dy1Jw7zzwv7lt/GoCpr+hDQJoYnKVPLL4dCvSEFMmQurOQvSrwT7SL/DAlhBI97RQ==
  /ansi-regex/3.0.0:
    dev: false
    engines:
      node: '>=4'
    resolution:
      integrity: sha1-7QMXwyIGT3lGbAKWa922Bas32Zg=
  /ansi-regex/4.1.0:
    dev: false
    engines:
      node: '>=6'
    resolution:
      integrity: sha512-1apePfXM1UOSqw0o9IiFAovVz9M5S1Dg+4TrDwfMewQ6p/rmMueb7tWZjQ1rx4Loy1ArBggoqGpfqqdI4rondg==
  /ansi-styles/3.2.1:
    dependencies:
      color-convert: 1.9.3
    dev: false
    engines:
      node: '>=4'
    resolution:
      integrity: sha512-VT0ZI6kZRdTh8YyJw3SMbYm/u+NqfsAxEpWO0Pf9sq8/e94WxxOpPKx9FR1FlyCtOVDNOQ+8ntlqFxiRc+r5qA==
  /any-promise/1.3.0:
    dev: false
    resolution:
      integrity: sha1-q8av7tzqUugJzcA3au0845Y10X8=
  /argparse/1.0.10:
    dependencies:
      sprintf-js: 1.0.3
    dev: false
    resolution:
      integrity: sha512-o5Roy6tNG4SL/FOkCAN6RzjiakZS25RLYFrcMttJqbdd8BWrnA+fGz57iN5Pb06pvBGvl5gQ0B48dJlslXvoTg==
  /asap/2.0.6:
    dev: false
    resolution:
      integrity: sha1-5QNHYR1+aQlDIIu9r+vLwvuGbUY=
  /balanced-match/1.0.0:
    dev: false
    resolution:
      integrity: sha1-ibTRmasr7kneFk6gK4nORi1xt2c=
  /better-path-resolve/1.0.0:
    dependencies:
      is-windows: 1.0.2
    dev: false
    engines:
      node: '>=4'
    resolution:
      integrity: sha512-pbnl5XzGBdrFU/wT4jqmJVPn2B6UHPBOhzMQkY/SPUPB6QtUXtmBHBIwCbXJol93mOpGMnQyP/+BB19q04xj7g==
  /brace-expansion/1.1.11:
    dependencies:
      balanced-match: 1.0.0
      concat-map: 0.0.1
    dev: false
    resolution:
      integrity: sha512-iCuPHDFgrHX7H2vEI/5xpz07zSHB00TpugqhmYtVmMO6518mCuRMoOYFldEBl0g187ufozdaHgWKcYFb61qGiA==
  /builtin-modules/3.1.0:
    dev: false
    engines:
      node: '>=6'
    resolution:
      integrity: sha512-k0KL0aWZuBt2lrxrcASWDfwOLMnodeQjodT/1SxEQAXsHANgo6ZC/VEaSEHCXt7aSTZ4/4H5LKa+tBXmW7Vtvw==
  /builtins/1.0.3:
    dev: false
    resolution:
      integrity: sha1-y5T662HIaWRR2zZTThQi+U8K7og=
  /chalk/2.4.2:
    dependencies:
      ansi-styles: 3.2.1
      escape-string-regexp: 1.0.5
      supports-color: 5.5.0
    dev: false
    engines:
      node: '>=4'
    resolution:
      integrity: sha512-Mti+f9lpJNcwF4tWV8/OrTTtF1gZi+f8FqlyAdouralcFWFQWF2+NgCHShjkCb+IFBLq9buZwE1xckQU4peSuQ==
  /chardet/0.7.0:
    dev: false
    resolution:
      integrity: sha512-mT8iDcrh03qDGRRmoA2hmBJnxpllMR+0/0qlzjqZES6NdiWDcZkCNAk4rPFZ9Q85r27unkiNNg8ZOiwZXBHwcA==
  /chownr/1.1.4:
    dev: false
    resolution:
      integrity: sha512-jJ0bqzaylmJtVnNgzTeSOs8DPavpbYgEr/b0YL8/2GO3xJEhInFmhKMUnEJQjZumK7KXGFhUy89PrsJWlakBVg==
  /cli-cursor/2.1.0:
    dependencies:
      restore-cursor: 2.0.0
    dev: false
    engines:
      node: '>=4'
    resolution:
      integrity: sha1-s12sN2R5+sw+lHR9QdDQ9SOP/LU=
  /cli-table/0.3.1:
    dependencies:
      colors: 1.0.3
    dev: false
    engines:
      node: '>= 0.2.0'
    resolution:
      integrity: sha1-9TsFJmqLGguTSz0IIebi3FkUriM=
  /cli-width/2.2.1:
    dev: false
    resolution:
      integrity: sha512-GRMWDxpOB6Dgk2E5Uo+3eEBvtOOlimMmpbFiKuLFnQzYDavtLFY3K5ona41jgN/WdRZtG7utuVSVTL4HbZHGkw==
  /color-convert/1.9.3:
    dependencies:
      color-name: 1.1.3
    dev: false
    resolution:
      integrity: sha512-QfAUtd+vFdAtFQcC8CCyYt1fYWxSqAiK2cSD6zDB8N3cpsEBAvRxp9zOGg6G/SHHJYAT88/az/IuDGALsNVbGg==
  /color-name/1.1.3:
    dev: false
    resolution:
      integrity: sha1-p9BVi9icQveV3UIyj3QIMcpTvCU=
  /colors/1.0.3:
    dev: false
    engines:
      node: '>=0.1.90'
    resolution:
      integrity: sha1-BDP0TYCWgP3rYO0mDxsMJi6CpAs=
  /colors/1.2.5:
    dev: false
    engines:
      node: '>=0.1.90'
    resolution:
      integrity: sha512-erNRLao/Y3Fv54qUa0LBB+//Uf3YwMUmdJinN20yMXm9zdKKqH9wt7R9IIVZ+K7ShzfpLV/Zg8+VyrBJYB4lpg==
  /commander/2.20.3:
    dev: false
    optional: true
    resolution:
      integrity: sha512-GpVkmM8vF2vQUkj2LvZmD35JxeJOLCwJ9cUkugyk2nuhbv3+mJvpLYYt+0+USMxE+oj+ey/lJEnhZw75x/OMcQ==
  /concat-map/0.0.1:
    dev: false
    resolution:
      integrity: sha1-2Klr13/Wjfd5OnMDajug1UBdR3s=
  /core-util-is/1.0.2:
    dev: false
    resolution:
      integrity: sha1-tf1UIgqivFq1eqtxQMlAdUUDwac=
  /debug/3.2.6:
    dependencies:
      ms: 2.1.2
    dev: false
    resolution:
      integrity: sha512-mel+jf7nrtEl5Pn1Qx46zARXKDpBbvzezse7p7LqINmdoIk8PYP5SySaxEmYv6TZ0JyEKA1hsCId6DIhgITtWQ==
  /debuglog/1.0.1:
    dev: false
    resolution:
      integrity: sha1-qiT/uaw9+aI1GDfPstJ5NgzXhJI=
  /detect-indent/6.0.0:
    dev: false
    engines:
      node: '>=8'
    resolution:
      integrity: sha512-oSyFlqaTHCItVRGK5RmrmjB+CmaMOW7IaNA/kdxqhoa6d17j/5ce9O9eWXmV/KEdRwqpQA+Vqe8a8Bsybu4YnA==
  /dezalgo/1.0.3:
    dependencies:
      asap: 2.0.6
      wrappy: 1.0.2
    dev: false
    resolution:
      integrity: sha1-f3Qt4Gb8dIvI24IFad3c5Jvw1FY=
  /error-ex/1.3.2:
    dependencies:
      is-arrayish: 0.2.1
    dev: false
    resolution:
      integrity: sha512-7dFHNmqeFSEt2ZBsCriorKnn3Z2pj+fd9kmI6QoWw4//DL+icEBfc0U7qJCisqrTsKTjw4fNFy2pW9OqStD84g==
  /es6-promise/4.2.8:
    dev: false
    resolution:
      integrity: sha512-HJDGx5daxeIvxdBxvG2cb9g4tEvwIk3i8+nhX0yGrYmZUzbkdg8QbDevheDB8gd0//uPj4c1EQua8Q+MViT0/w==
  /es6-promisify/5.0.0:
    dependencies:
      es6-promise: 4.2.8
    dev: false
    resolution:
      integrity: sha1-UQnWLz5W6pZ8S2NQWu8IKRyKUgM=
  /escape-string-regexp/1.0.5:
    dev: false
    engines:
      node: '>=0.8.0'
    resolution:
      integrity: sha1-G2HAViGQqN/2rjuyzwIAyhMLhtQ=
  /esprima/4.0.1:
    dev: false
    engines:
      node: '>=4'
    hasBin: true
    resolution:
      integrity: sha512-eGuFFw7Upda+g4p+QHvnW0RyTX/SVeJBDM/gCtMARO0cLuT2HcEKnTPvhjV6aGeqrCB/sbNop0Kszm0jsaWU4A==
  /external-editor/3.1.0:
    dependencies:
      chardet: 0.7.0
      iconv-lite: 0.4.24
      tmp: 0.0.33
    dev: false
    engines:
      node: '>=4'
    resolution:
      integrity: sha512-hMQ4CX1p1izmuLYyZqLMO/qGNw10wSv9QDCPfzXfyFrOaCSSoRfqE1Kf1s5an66J5JZC62NewG+mK49jOCtQew==
  /fast-deep-equal/3.1.3:
    dev: false
    resolution:
      integrity: sha512-f3qQ9oQy9j2AhBe/H9VC91wLmKBCCU/gDOnKNAYG5hswO7BLKj09Hc5HYNz9cGI++xlpDCIgDaitVs03ATR84Q==
  /figures/2.0.0:
    dependencies:
      escape-string-regexp: 1.0.5
    dev: false
    engines:
      node: '>=4'
    resolution:
      integrity: sha1-OrGi0qYsi/tDGgyUy3l6L84nyWI=
  /fs-extra/7.0.1:
    dependencies:
      graceful-fs: 4.2.4
      jsonfile: 4.0.0
      universalify: 0.1.2
    dev: false
    engines:
      node: '>=6 <7 || >=8'
    resolution:
      integrity: sha512-YJDaCJZEnBmcbw13fvdAM9AwNOJwOzrE4pqMqBq5nFiEqXUqHwlK4B+3pUw6JNvfSPtX05xFHtYy/1ni01eGCw==
  /fs-minipass/2.1.0:
    dependencies:
      minipass: 3.1.3
    dev: false
    engines:
      node: '>= 8'
    resolution:
      integrity: sha512-V/JgOLFCS+R6Vcq0slCuaeWEdNC3ouDlJMNIsacH2VtALiu9mV4LPrHc5cDl8k5aw6J8jwgWWpiTo5RYhmIzvg==
  /fs.realpath/1.0.0:
    dev: false
    resolution:
      integrity: sha1-FQStJSMVjKpA20onh8sBQRmU6k8=
  /git-repo-info/2.1.1:
    dev: false
    engines:
      node: '>= 4.0'
    resolution:
      integrity: sha512-8aCohiDo4jwjOwma4FmYFd3i97urZulL8XL24nIPxuE+GZnfsAyy/g2Shqx6OjUiFKUXZM+Yy+KHnOmmA3FVcg==
  /glob-escape/0.0.2:
    dev: false
    engines:
      node: '>= 0.10'
    resolution:
      integrity: sha1-nCf3gh7RwTd1gvPv2VWOP2dWKO0=
  /glob/7.0.6:
    dependencies:
      fs.realpath: 1.0.0
      inflight: 1.0.6
      inherits: 2.0.4
      minimatch: 3.0.4
      once: 1.4.0
      path-is-absolute: 1.0.1
    dev: false
    resolution:
      integrity: sha1-IRuvr0nlJbjNkyYNFKsTYVKz9Xo=
  /glob/7.1.6:
    dependencies:
      fs.realpath: 1.0.0
      inflight: 1.0.6
      inherits: 2.0.4
      minimatch: 3.0.4
      once: 1.4.0
      path-is-absolute: 1.0.1
    dev: false
    resolution:
      integrity: sha512-LwaxwyZ72Lk7vZINtNNrywX0ZuLyStrdDtabefZKAY5ZGJhVtgdznluResxNmPitE0SAO+O26sWTHeKSI2wMBA==
  /graceful-fs/4.2.4:
    dev: false
    resolution:
      integrity: sha512-WjKPNJF79dtJAVniUlGGWHYGz2jWxT6VhN/4m1NdkbZ2nOsEF+cI1Edgql5zCRhs/VsQYRvrXctxktVXZUkixw==
  /has-flag/3.0.0:
    dev: false
    engines:
      node: '>=4'
    resolution:
      integrity: sha1-tdRU3CGZriJWmfNGfloH87lVuv0=
  /hosted-git-info/2.8.8:
    dev: false
    resolution:
      integrity: sha512-f/wzC2QaWBs7t9IYqB4T3sR1xviIViXJRJTWBlx2Gf3g0Xi5vI7Yy4koXQ1c9OYDGHN9sBy1DQ2AB8fqZBWhUg==
  /https-proxy-agent/2.2.4:
    dependencies:
      agent-base: 4.3.0
      debug: 3.2.6
    dev: false
    engines:
      node: '>= 4.5.0'
    resolution:
      integrity: sha512-OmvfoQ53WLjtA9HeYP9RNrWMJzzAz1JGaSFr1nijg0PVR1JaD/xbJq1mdEIIlxGpXp9eSe/O2LgU9DJmTPd0Eg==
  /iconv-lite/0.4.24:
    dependencies:
      safer-buffer: 2.1.2
    dev: false
    engines:
      node: '>=0.10.0'
    resolution:
      integrity: sha512-v3MXnZAcvnywkTUEZomIActle7RXXeedOR31wwl7VlyoXO4Qi9arvSenNQWne1TcRwhCL1HwLI21bEqdpj8/rA==
  /ignore-walk/3.0.3:
    dependencies:
      minimatch: 3.0.4
    dev: false
    resolution:
      integrity: sha512-m7o6xuOaT1aqheYHKf8W6J5pYH85ZI9w077erOzLje3JsB1gkafkAhHHY19dqjulgIZHFm32Cp5uNZgcQqdJKw==
  /ignore/5.1.8:
    dev: false
    engines:
      node: '>= 4'
    resolution:
      integrity: sha512-BMpfD7PpiETpBl/A6S498BaIJ6Y/ABT93ETbby2fP00v4EbvPBXWEoaR1UBPKs3iR53pJY7EtZk5KACI57i1Uw==
  /immediate/3.0.6:
    dev: false
    resolution:
      integrity: sha1-nbHb0Pr43m++D13V5Wu2BigN5ps=
  /import-lazy/4.0.0:
    dev: false
    engines:
      node: '>=8'
    resolution:
      integrity: sha512-rKtvo6a868b5Hu3heneU+L4yEQ4jYKLtjpnPeUdK7h0yzXGmyBTypknlkCvHFBqfX9YlorEiMM6Dnq/5atfHkw==
  /imurmurhash/0.1.4:
    dev: false
    engines:
      node: '>=0.8.19'
    resolution:
      integrity: sha1-khi5srkoojixPcT7a21XbyMUU+o=
  /inflight/1.0.6:
    dependencies:
      once: 1.4.0
      wrappy: 1.0.2
    dev: false
    resolution:
      integrity: sha1-Sb1jMdfQLQwJvJEKEHW6gWW1bfk=
  /inherits/2.0.4:
    dev: false
    resolution:
      integrity: sha512-k/vGaX4/Yla3WzyMCvTQOXYeIHvqOKtnqBduzTHpzpQZzAskKMhZ2K+EnBiSM9zGSoIFeMpXKxa4dYeZIQqewQ==
  /inquirer/6.2.2:
    dependencies:
      ansi-escapes: 3.2.0
      chalk: 2.4.2
      cli-cursor: 2.1.0
      cli-width: 2.2.1
      external-editor: 3.1.0
      figures: 2.0.0
      lodash: 4.17.20
      mute-stream: 0.0.7
      run-async: 2.4.1
      rxjs: 6.6.3
      string-width: 2.1.1
      strip-ansi: 5.2.0
      through: 2.3.8
    dev: false
    engines:
      node: '>=6.0.0'
    resolution:
      integrity: sha512-Z2rREiXA6cHRR9KBOarR3WuLlFzlIfAEIiB45ll5SSadMg7WqOh1MKEjjndfuH5ewXdixWCxqnVfGOQzPeiztA==
  /is-arrayish/0.2.1:
    dev: false
    resolution:
      integrity: sha1-d8mYQFJ6qOyxqLppe4BkWnqSap0=
  /is-fullwidth-code-point/2.0.0:
    dev: false
    engines:
      node: '>=4'
    resolution:
      integrity: sha1-o7MKXE8ZkYMWeqq5O+764937ZU8=
  /is-plain-obj/2.1.0:
    dev: false
    engines:
      node: '>=8'
    resolution:
      integrity: sha512-YWnfyRwxL/+SsrWYfOpUtz5b3YD+nyfkHvjbcanzk8zgyO4ASD67uVMRt8k5bM4lLMDnXfriRhOpemw+NfT1eA==
  /is-subdir/1.1.1:
    dependencies:
      better-path-resolve: 1.0.0
    dev: false
    engines:
      node: '>=4'
    resolution:
      integrity: sha512-VYpq0S7gPBVkkmfwkvGnx1EL9UVIo87NQyNcgMiNUdQCws3CJm5wj2nB+XPL7zigvjxhuZgp3bl2yBcKkSIj1w==
  /is-typedarray/1.0.0:
    dev: false
    resolution:
      integrity: sha1-5HnICFjfDBsR3dppQPlgEfzaSpo=
  /is-windows/1.0.2:
    dev: false
    engines:
      node: '>=0.10.0'
    resolution:
      integrity: sha512-eXK1UInq2bPmjyX6e3VHIzMLobc4J94i4AWn+Hpq3OU5KkrRC96OAcR3PRJ/pGu6m8TRnBHP9dkXQVsT/COVIA==
  /isarray/1.0.0:
    dev: false
    resolution:
      integrity: sha1-u5NdSFgsuhaMBoNJV6VKPgcSTxE=
  /jju/1.4.0:
    dev: false
    resolution:
      integrity: sha1-o6vicYryQaKykE+EpiWXDzia4yo=
  /js-tokens/4.0.0:
    dev: false
    resolution:
      integrity: sha512-RdJUflcE3cUzKiMqQgsCu06FPu9UdIJO0beYbPhHN4k6apgJtifcoCtT9bcxOpYBtpD2kCM6Sbzg4CausW/PKQ==
  /js-yaml/3.13.1:
    dependencies:
      argparse: 1.0.10
      esprima: 4.0.1
    dev: false
    hasBin: true
    resolution:
      integrity: sha512-YfbcO7jXDdyj0DGxYVSlSeQNHbD7XPWvrVWeVUujrQEoZzWJIRrCPoyk6kL6IAjAG2IolMK4T0hNUe0HOUs5Jw==
  /js-yaml/3.14.0:
    dependencies:
      argparse: 1.0.10
      esprima: 4.0.1
    dev: false
    hasBin: true
    resolution:
      integrity: sha512-/4IbIeHcD9VMHFqDR/gQ7EdZdLimOvW2DdcxFjdyyZ9NsbS+ccrXqVWDtab/lRl5AlUqmpBx8EhPaWR+OtY17A==
  /json-parse-even-better-errors/2.3.1:
    dev: false
    resolution:
      integrity: sha512-xyFwyhro/JEof6Ghe2iz2NcXoj2sloNsWr/XsERDK/oiPCfaNhl5ONfp+jQdAZRQQ0IJWNzH9zIZF7li91kh2w==
  /json5/2.1.3:
    dependencies:
      minimist: 1.2.5
    dev: false
    engines:
      node: '>=6'
    hasBin: true
    resolution:
      integrity: sha512-KXPvOm8K9IJKFM0bmdn8QXh7udDh1g/giieX0NLCaMnb4hEiVFqnop2ImTXCc5e0/oHz3LTqmHGtExn5hfMkOA==
  /jsonfile/4.0.0:
    dev: false
    optionalDependencies:
      graceful-fs: 4.2.4
    resolution:
      integrity: sha1-h3Gq4HmbZAdrdmQPygWPnBDjPss=
  /jszip/3.5.0:
    dependencies:
      lie: 3.3.0
      pako: 1.0.11
      readable-stream: 2.3.7
      set-immediate-shim: 1.0.1
    dev: false
    resolution:
      integrity: sha512-WRtu7TPCmYePR1nazfrtuF216cIVon/3GWOvHS9QR5bIwSbnxtdpma6un3jyGGNhHsKCSzn5Ypk+EkDRvTGiFA==
  /lie/3.3.0:
    dependencies:
      immediate: 3.0.6
    dev: false
    resolution:
      integrity: sha512-UaiMJzeWRlEujzAuw5LokY1L5ecNQYZKfmyZ9L7wDHb/p5etKaxXhohBcrw0EYby+G/NA52vRSN4N39dxHAIwQ==
  /lines-and-columns/1.1.6:
    dev: false
    resolution:
      integrity: sha1-HADHQ7QzzQpOgHWPe2SldEDZ/wA=
  /lodash.get/4.4.2:
    dev: false
    resolution:
      integrity: sha1-LRd/ZS+jHpObRDjVNBSZ36OCXpk=
  /lodash.isequal/4.5.0:
    dev: false
    resolution:
      integrity: sha1-QVxEePK8wwEgwizhDtMib30+GOA=
  /lodash/4.17.20:
    dev: false
    resolution:
      integrity: sha512-PlhdFcillOINfeV7Ni6oF1TAEayyZBoZ8bcshTHqOYJYlrqzRK5hagpagky5o4HfCzzd1TRkXPMFq6cKk9rGmA==
  /mimic-fn/1.2.0:
    dev: false
    engines:
      node: '>=4'
    resolution:
      integrity: sha512-jf84uxzwiuiIVKiOLpfYk7N46TSy8ubTonmneY9vrpHNAnp0QBt2BxWV9dO3/j+BoVAb+a5G6YDPW3M5HOdMWQ==
  /minimatch/3.0.4:
    dependencies:
      brace-expansion: 1.1.11
    dev: false
    resolution:
      integrity: sha512-yJHVQEhyqPLUTgt9B83PXu6W3rx4MvvHvSUvToogpwoGDOUQ+yDrR0HRot+yOCdCO7u4hX3pWft6kWBBcqh0UA==
  /minimist/1.2.5:
    dev: false
    resolution:
      integrity: sha512-FM9nNUYrRBAELZQT3xeZQ7fmMOBg6nWNmJKTcgsJeaLstP/UODVpGsr5OhXhhXg6f+qtJ8uiZ+PUxkDWcgIXLw==
  /minipass/3.1.3:
    dependencies:
      yallist: 4.0.0
    dev: false
    engines:
      node: '>=8'
    resolution:
      integrity: sha512-Mgd2GdMVzY+x3IJ+oHnVM+KG3lA5c8tnabyJKmHSaG2kAGpudxuOf8ToDkhumF7UzME7DecbQE9uOZhNm7PuJg==
  /minizlib/2.1.2:
    dependencies:
      minipass: 3.1.3
      yallist: 4.0.0
    dev: false
    engines:
      node: '>= 8'
    resolution:
      integrity: sha512-bAxsR8BVfj60DWXHE3u30oHzfl4G7khkSuPW+qvpd7jFRHm7dLxOjUk1EHACJ/hxLY8phGJ0YhYHZo7jil7Qdg==
  /mkdirp/0.5.5:
    dependencies:
      minimist: 1.2.5
    dev: false
    hasBin: true
    resolution:
      integrity: sha512-NKmAlESf6jMGym1++R0Ra7wvhV+wFW63FaSOFPwRahvea0gMUcGUhVeAg/0BC0wiv9ih5NYPB1Wn1UEI1/L+xQ==
  /ms/2.1.2:
    dev: false
    resolution:
      integrity: sha512-sGkPx+VjMtmA6MX27oA4FBFELFCZZ4S4XqeGOXCv68tT+jb3vk/RyaKWP0PTKyWtmLSM0b+adUTEvbs1PEaH2w==
  /mute-stream/0.0.7:
    dev: false
    resolution:
      integrity: sha1-MHXOk7whuPq0PhvE2n6BFe0ee6s=
  /mz/2.7.0:
    dependencies:
      any-promise: 1.3.0
      object-assign: 4.1.1
      thenify-all: 1.6.0
    dev: false
    resolution:
      integrity: sha512-z81GNO7nnYMEhrGh9LeymoE4+Yr0Wn5McHIZMK5cfQCl+NDX08sCZgUc9/6MHni9IWuFLm1Z3HTCXu2z9fN62Q==
  /node-fetch/2.1.2:
    dev: false
    engines:
      node: 4.x || >=6.0.0
    resolution:
      integrity: sha1-q4hOjn5X44qUR1POxwb3iNF2i7U=
  /normalize-package-data/2.5.0:
    dependencies:
      hosted-git-info: 2.8.8
      resolve: 1.17.0
      semver: 5.7.1
      validate-npm-package-license: 3.0.4
    dev: false
    resolution:
      integrity: sha512-/5CMN3T0R4XTj4DcGaexo+roZSdSFW/0AOOTROrjxzCG1wrWXEsGbRKevjlIL+ZDE4sZlJr5ED4YW0yqmkK+eA==
  /normalize-path/3.0.0:
    dev: false
    engines:
      node: '>=0.10.0'
    resolution:
      integrity: sha512-6eZs5Ls3WtCisHWp9S2GUy8dqkpGi4BVSz3GaqiE6ezub0512ESztXUwUB6C6IKbQkY2Pnb/mD4WYojCRwcwLA==
  /npm-bundled/1.1.1:
    dependencies:
      npm-normalize-package-bin: 1.0.1
    dev: false
    resolution:
      integrity: sha512-gqkfgGePhTpAEgUsGEgcq1rqPXA+tv/aVBlgEzfXwA1yiUJF7xtEt3CtVwOjNYQOVknDk0F20w58Fnm3EtG0fA==
  /npm-normalize-package-bin/1.0.1:
    dev: false
    resolution:
      integrity: sha512-EPfafl6JL5/rU+ot6P3gRSCpPDW5VmIzX959Ob1+ySFUuuYHWHekXpwdUZcKP5C+DS4GEtdJluwBjnsNDl+fSA==
  /npm-package-arg/6.1.1:
    dependencies:
      hosted-git-info: 2.8.8
      osenv: 0.1.5
      semver: 5.7.1
      validate-npm-package-name: 3.0.0
    dev: false
    resolution:
      integrity: sha512-qBpssaL3IOZWi5vEKUKW0cO7kzLeT+EQO9W8RsLOZf76KF9E/K9+wH0C7t06HXPpaH8WH5xF1MExLuCwbTqRUg==
  /npm-packlist/2.1.2:
    dependencies:
      glob: 7.1.6
      ignore-walk: 3.0.3
      npm-bundled: 1.1.1
      npm-normalize-package-bin: 1.0.1
    dev: false
    engines:
      node: '>=10'
    hasBin: true
    resolution:
      integrity: sha512-eByPaP+wsKai0BJX5pmb58d3mfR0zUATcnyuvSxIudTEn+swCPFLxh7srCmqB4hr7i9V24/DPjjq5b2qUtbgXQ==
  /object-assign/4.1.1:
    dev: false
    engines:
      node: '>=0.10.0'
    resolution:
      integrity: sha1-IQmtx5ZYh8/AXLvUQsrIv7s2CGM=
  /once/1.4.0:
    dependencies:
      wrappy: 1.0.2
    dev: false
    resolution:
      integrity: sha1-WDsap3WWHUsROsF9nFC6753Xa9E=
  /onetime/2.0.1:
    dependencies:
      mimic-fn: 1.2.0
    dev: false
    engines:
      node: '>=4'
    resolution:
      integrity: sha1-BnQoIw/WdEOyeUsiu6UotoZ5YtQ=
  /os-homedir/1.0.2:
    dev: false
    engines:
      node: '>=0.10.0'
    resolution:
      integrity: sha1-/7xJiDNuDoM94MFox+8VISGqf7M=
  /os-tmpdir/1.0.2:
    dev: false
    engines:
      node: '>=0.10.0'
    resolution:
      integrity: sha1-u+Z0BseaqFxc/sdm/lc0VV36EnQ=
  /osenv/0.1.5:
    dependencies:
      os-homedir: 1.0.2
      os-tmpdir: 1.0.2
    dev: false
    resolution:
      integrity: sha512-0CWcCECdMVc2Rw3U5w9ZjqX6ga6ubk1xDVKxtBQPK7wis/0F2r9T6k4ydGYhecl7YUBxBVxhL5oisPsNxAPe2g==
  /p-filter/2.1.0:
    dependencies:
      p-map: 2.1.0
    dev: false
    engines:
      node: '>=8'
    resolution:
      integrity: sha512-ZBxxZ5sL2HghephhpGAQdoskxplTwr7ICaehZwLIlfL6acuVgZPm8yBNuRAFBGEqtD/hmUeq9eqLg2ys9Xr/yw==
  /p-limit/2.3.0:
    dependencies:
      p-try: 2.2.0
    dev: false
    engines:
      node: '>=6'
    resolution:
      integrity: sha512-//88mFWSJx8lxCzwdAABTJL2MyWB12+eIY7MDL2SqLmAkeKU9qxRvWuSyTjm3FUmpBEMuFfckAIqEaVGUDxb6w==
  /p-map/2.1.0:
    dev: false
    engines:
      node: '>=6'
    resolution:
      integrity: sha512-y3b8Kpd8OAN444hxfBbFfj1FY/RjtTd8tzYwhUqNYXx0fXx2iX4maP4Qr6qhIKbQXI02wTLAda4fYUbDagTUFw==
  /p-reflect/2.1.0:
    dev: false
    engines:
      node: '>=8'
    resolution:
      integrity: sha512-paHV8NUz8zDHu5lhr/ngGWQiW067DK/+IbJ+RfZ4k+s8y4EKyYCz8pGYWjxCg35eHztpJAt+NUgvN4L+GCbPlg==
  /p-settle/4.1.1:
    dependencies:
      p-limit: 2.3.0
      p-reflect: 2.1.0
    dev: false
    engines:
      node: '>=10'
    resolution:
      integrity: sha512-6THGh13mt3gypcNMm0ADqVNCcYa3BK6DWsuJWFCuEKP1rpY+OKGp7gaZwVmLspmic01+fsg/fN57MfvDzZ/PuQ==
  /p-try/2.2.0:
    dev: false
    engines:
      node: '>=6'
    resolution:
      integrity: sha512-R4nPAVTAU0B9D35/Gk3uJf/7XYbQcyohSKdvAxIRSNghFl4e71hVoGnBNQz9cWaXxO2I10KTC+3jMdvvoKw6dQ==
  /pako/1.0.11:
    dev: false
    resolution:
      integrity: sha512-4hLB8Py4zZce5s4yd9XzopqwVv/yGNhV1Bl8NTmCq1763HeK2+EwVTv+leGeL13Dnh2wfbqowVPXCIO0z4taYw==
  /parse-json/5.1.0:
    dependencies:
      '@babel/code-frame': 7.10.4
      error-ex: 1.3.2
      json-parse-even-better-errors: 2.3.1
      lines-and-columns: 1.1.6
    dev: false
    engines:
      node: '>=8'
    resolution:
      integrity: sha512-+mi/lmVVNKFNVyLXV31ERiy2CY5E1/F6QtJFEzoChPRwwngMNXRDQ9GJ5WdE2Z2P4AujsOi0/+2qHID68KwfIQ==
  /path-is-absolute/1.0.1:
    dev: false
    engines:
      node: '>=0.10.0'
    resolution:
      integrity: sha1-F0uSaHNVNP+8es5r9TpanhtcX18=
  /path-parse/1.0.6:
    dev: false
    resolution:
      integrity: sha512-GSmOT2EbHrINBf9SR7CDELwlJ8AENk3Qn7OikK4nFYAu3Ote2+JYNVvkpAEQm3/TLNEJFD/xZJjzyxg3KBWOzw==
  /pify/5.0.0:
    dev: false
    engines:
      node: '>=10'
    resolution:
      integrity: sha512-eW/gHNMlxdSP6dmG6uJip6FXN0EQBwm2clYYd8Wul42Cwu/DK8HEftzsapcNdYe2MfLiIwZqsDk2RDEsTE79hA==
  /process-nextick-args/2.0.1:
    dev: false
    resolution:
      integrity: sha512-3ouUOpQhtgrbOa17J7+uxOTpITYWaGP7/AhoR3+A+/1e9skrzelGi/dXzEYyvbxubEF6Wn2ypscTKiKJFFn1ag==
  /ramda/0.27.1:
    dev: false
    resolution:
      integrity: sha512-PgIdVpn5y5Yns8vqb8FzBUEYn98V3xcPgawAkkgj0YJ0qDsnHCiNmZYfOGMgOvoB0eWFLpYbhxUR3mxfDIMvpw==
  /read-package-json/2.1.2:
    dependencies:
      glob: 7.1.6
      json-parse-even-better-errors: 2.3.1
      normalize-package-data: 2.5.0
      npm-normalize-package-bin: 1.0.1
    dev: false
    resolution:
      integrity: sha512-D1KmuLQr6ZSJS0tW8hf3WGpRlwszJOXZ3E8Yd/DNRaM5d+1wVRZdHlpGBLAuovjr28LbWvjpWkBHMxpRGGjzNA==
  /read-package-tree/5.1.6:
    dependencies:
      debuglog: 1.0.1
      dezalgo: 1.0.3
      once: 1.4.0
      read-package-json: 2.1.2
      readdir-scoped-modules: 1.1.0
    dev: false
    resolution:
      integrity: sha512-FCX1aT3GWyY658wzDICef4p+n0dB+ENRct8E/Qyvppj6xVpOYerBHfUu7OP5Rt1/393Tdglguf5ju5DEX4wZNg==
  /read-yaml-file/2.0.0:
    dependencies:
      graceful-fs: 4.2.4
      js-yaml: 3.13.1
      pify: 5.0.0
      strip-bom: 4.0.0
    dev: false
    engines:
      node: '>=10.13'
    resolution:
      integrity: sha512-k1KSHstyNvNq5mE6gGdqKuPEmlCYxvXMFgYdCuhzh4G3UCZynAzObU2fPpaOJ8Xd/AIUWZ1jkEwEljLVH3xkow==
  /readable-stream/2.3.7:
    dependencies:
      core-util-is: 1.0.2
      inherits: 2.0.4
      isarray: 1.0.0
      process-nextick-args: 2.0.1
      safe-buffer: 5.1.2
      string_decoder: 1.1.1
      util-deprecate: 1.0.2
    dev: false
    resolution:
      integrity: sha512-Ebho8K4jIbHAxnuxi7o42OrZgF/ZTNcsZj6nRKyUmkhLFq8CHItp/fy6hQZuZmP/n3yZ9VBUbp4zz/mX8hmYPw==
  /readdir-scoped-modules/1.1.0:
    dependencies:
      debuglog: 1.0.1
      dezalgo: 1.0.3
      graceful-fs: 4.2.4
      once: 1.4.0
    dev: false
    resolution:
      integrity: sha512-asaikDeqAQg7JifRsZn1NJZXo9E+VwlyCfbkZhwyISinqk5zNS6266HS5kah6P0SaQKGF6SkNnZVHUzHFYxYDw==
  /resolve/1.17.0:
    dependencies:
      path-parse: 1.0.6
    dev: false
    resolution:
      integrity: sha512-ic+7JYiV8Vi2yzQGFWOkiZD5Z9z7O2Zhm9XMaTxdJExKasieFCr+yXZ/WmXsckHiKl12ar0y6XiXDx3m4RHn1w==
  /restore-cursor/2.0.0:
    dependencies:
      onetime: 2.0.1
      signal-exit: 3.0.3
    dev: false
    engines:
      node: '>=4'
    resolution:
      integrity: sha1-n37ih/gv0ybU/RYpI9YhKe7g368=
  /run-async/2.4.1:
    dev: false
    engines:
      node: '>=0.12.0'
    resolution:
      integrity: sha512-tvVnVv01b8c1RrA6Ep7JkStj85Guv/YrMcwqYQnwjsAS2cTmmPGBBjAjpCW7RrSodNSoE2/qg9O4bceNvUuDgQ==
  /rxjs/6.6.3:
    dependencies:
      tslib: 1.13.0
    dev: false
    engines:
      npm: '>=2.0.0'
    resolution:
      integrity: sha512-trsQc+xYYXZ3urjOiJOuCOa5N3jAZ3eiSpQB5hIT8zGlL2QfnHLJ2r7GMkBGuIausdJN1OneaI6gQlsqNHHmZQ==
  /safe-buffer/5.1.2:
    dev: false
    resolution:
      integrity: sha512-Gd2UZBJDkXlY7GbJxfsE8/nvKkUEU1G38c1siN6QP6a9PT9MmHB8GnpscSmMJSoF8LOIrt8ud/wPtojys4G6+g==
  /safer-buffer/2.1.2:
    dev: false
    resolution:
      integrity: sha512-YZo3K82SD7Riyi0E1EQPojLz7kpepnSQI9IyPbHHg1XXXevb5dJI7tpyN2ADxGcQbHG7vcyRHk0cbwqcQriUtg==
  /semver/5.7.1:
    dev: false
    hasBin: true
    resolution:
      integrity: sha512-sauaDf/PZdVgrLTNYHRtpXa1iRiKcaebiKQ1BJdpQlWH2lCvexQdX55snPFyK7QzpudqbCI0qXFfOasHdyNDGQ==
  /semver/7.3.2:
    dev: false
    engines:
      node: '>=10'
    hasBin: true
    resolution:
      integrity: sha512-OrOb32TeeambH6UrhtShmF7CRDqhL6/5XpPNp2DuRH6+9QLw/orhp72j87v8Qa1ScDkvrrBNpZcDejAirJmfXQ==
  /set-immediate-shim/1.0.1:
    dev: false
    engines:
      node: '>=0.10.0'
    resolution:
      integrity: sha1-SysbJ+uAip+NzEgaWOXlb1mfP2E=
  /signal-exit/3.0.3:
    dev: false
    resolution:
      integrity: sha512-VUJ49FC8U1OxwZLxIbTTrDvLnf/6TDgxZcK8wxR8zs13xpx7xbG60ndBlhNrFi2EMuFRoeDoJO7wthSLq42EjA==
  /sort-keys/4.0.0:
    dependencies:
      is-plain-obj: 2.1.0
    dev: false
    engines:
      node: '>=8'
    resolution:
      integrity: sha512-hlJLzrn/VN49uyNkZ8+9b+0q9DjmmYcYOnbMQtpkLrYpPwRApDPZfmqbUfJnAA3sb/nRib+nDot7Zi/1ER1fuA==
  /spdx-correct/3.1.1:
    dependencies:
      spdx-expression-parse: 3.0.1
      spdx-license-ids: 3.0.5
    dev: false
    resolution:
      integrity: sha512-cOYcUWwhCuHCXi49RhFRCyJEK3iPj1Ziz9DpViV3tbZOwXD49QzIN3MpOLJNxh2qwq2lJJZaKMVw9qNi4jTC0w==
  /spdx-exceptions/2.3.0:
    dev: false
    resolution:
      integrity: sha512-/tTrYOC7PPI1nUAgx34hUpqXuyJG+DTHJTnIULG4rDygi4xu/tfgmq1e1cIRwRzwZgo4NLySi+ricLkZkw4i5A==
  /spdx-expression-parse/3.0.1:
    dependencies:
      spdx-exceptions: 2.3.0
      spdx-license-ids: 3.0.5
    dev: false
    resolution:
      integrity: sha512-cbqHunsQWnJNE6KhVSMsMeH5H/L9EpymbzqTQ3uLwNCLZ1Q481oWaofqH7nO6V07xlXwY6PhQdQ2IedWx/ZK4Q==
  /spdx-license-ids/3.0.5:
    dev: false
    resolution:
      integrity: sha512-J+FWzZoynJEXGphVIS+XEh3kFSjZX/1i9gFBaWQcB+/tmpe2qUsSBABpcxqxnAxFdiUFEgAX1bjYGQvIZmoz9Q==
  /sprintf-js/1.0.3:
    dev: false
    resolution:
      integrity: sha1-BOaSb2YolTVPPdAVIDYzuFcpfiw=
  /ssri/8.0.0:
    dependencies:
      minipass: 3.1.3
    dev: false
    engines:
      node: '>= 8'
    resolution:
      integrity: sha512-aq/pz989nxVYwn16Tsbj1TqFpD5LLrQxHf5zaHuieFV+R0Bbr4y8qUsOA45hXT/N4/9UNXTarBjnjVmjSOVaAA==
  /strict-uri-encode/2.0.0:
    dev: false
    engines:
      node: '>=4'
    resolution:
      integrity: sha1-ucczDHBChi9rFC3CdLvMWGbONUY=
  /string-argv/0.3.1:
    dev: false
    engines:
      node: '>=0.6.19'
    resolution:
      integrity: sha512-a1uQGz7IyVy9YwhqjZIZu1c8JO8dNIe20xBmSS6qu9kv++k3JGzCVmprbNN5Kn+BgzD5E7YYwg1CcjuJMRNsvg==
  /string-width/2.1.1:
    dependencies:
      is-fullwidth-code-point: 2.0.0
      strip-ansi: 4.0.0
    dev: false
    engines:
      node: '>=4'
    resolution:
      integrity: sha512-nOqH59deCq9SRHlxq1Aw85Jnt4w6KvLKqWVik6oA9ZklXLNIOlqg4F2yrT1MVaTjAqvVwdfeZ7w7aCvJD7ugkw==
  /string_decoder/1.1.1:
    dependencies:
      safe-buffer: 5.1.2
    dev: false
    resolution:
      integrity: sha512-n/ShnvDi6FHbbVfviro+WojiFzv+s8MPMHBczVePfUpDJLwoLT0ht1l4YwBCbi8pJAveEEdnkHyPyTP/mzRfwg==
  /strip-ansi/4.0.0:
    dependencies:
      ansi-regex: 3.0.0
    dev: false
    engines:
      node: '>=4'
    resolution:
      integrity: sha1-qEeQIusaw2iocTibY1JixQXuNo8=
  /strip-ansi/5.2.0:
    dependencies:
      ansi-regex: 4.1.0
    dev: false
    engines:
      node: '>=6'
    resolution:
      integrity: sha512-DuRs1gKbBqsMKIZlrffwlug8MHkcnpjs5VPmL1PAh+mA30U0DTotfDZ0d2UUsXpPmPmMMJ6W773MaA3J+lbiWA==
  /strip-bom/4.0.0:
    dev: false
    engines:
      node: '>=8'
    resolution:
      integrity: sha512-3xurFv5tEgii33Zi8Jtp55wEIILR9eh34FAW00PZf+JnSsTmV/ioewSgQl97JHvgjoRGwPShsWm+IdrxB35d0w==
  /supports-color/5.5.0:
    dependencies:
      has-flag: 3.0.0
    dev: false
    engines:
      node: '>=4'
    resolution:
      integrity: sha512-QjVjwdXIt408MIiAqCX4oUKsgU2EqAGzs2Ppkm4aQYbjm+ZEWEcW4SfFNTr4uMNZma0ey4f5lgLrkB0aX0QMow==
  /tar/5.0.5:
    dependencies:
      chownr: 1.1.4
      fs-minipass: 2.1.0
      minipass: 3.1.3
      minizlib: 2.1.2
      mkdirp: 0.5.5
      yallist: 4.0.0
    dev: false
    engines:
      node: '>= 8'
    resolution:
      integrity: sha512-MNIgJddrV2TkuwChwcSNds/5E9VijOiw7kAc1y5hTNJoLDSuIyid2QtLYiCYNnICebpuvjhPQZsXwUL0O3l7OQ==
  /thenify-all/1.6.0:
    dependencies:
      thenify: 3.3.1
    dev: false
    engines:
      node: '>=0.8'
    resolution:
      integrity: sha1-GhkY1ALY/D+Y+/I02wvMjMEOlyY=
  /thenify/3.3.1:
    dependencies:
      any-promise: 1.3.0
    dev: false
    resolution:
      integrity: sha512-RVZSIV5IG10Hk3enotrhvz0T9em6cyHBLkH/YAZuKqd8hRkKhSfCGIcP2KUY0EPxndzANBmNllzWPwak+bheSw==
  /through/2.3.8:
    dev: false
    resolution:
      integrity: sha1-DdTJ/6q8NXlgsbckEV1+Doai4fU=
  /timsort/0.3.0:
    dev: false
    resolution:
      integrity: sha1-QFQRqOfmM5/mTbmiNN4R3DHgK9Q=
  /tmp/0.0.33:
    dependencies:
      os-tmpdir: 1.0.2
    dev: false
    engines:
      node: '>=0.6.0'
    resolution:
      integrity: sha512-jRCJlojKnZ3addtTOjdIqoRuPEKBvNXcGYqzO6zWZX8KfKEpnGY5jfggJQ3EjKuu8D4bJRr0y+cYJFmYbImXGw==
  /true-case-path/2.2.1:
    dev: false
    resolution:
      integrity: sha512-0z3j8R7MCjy10kc/g+qg7Ln3alJTodw9aDuVWZa3uiWqfuBMKeAeP2ocWcxoyM3D73yz3Jt/Pu4qPr4wHSdB/Q==
  /tslib/1.13.0:
    dev: false
    resolution:
      integrity: sha512-i/6DQjL8Xf3be4K/E6Wgpekn5Qasl1usyw++dAA35Ue5orEn65VIxOA+YvNNl9HV3qv70T7CNwjODHZrLwvd1Q==
  /typedarray-to-buffer/3.1.5:
    dependencies:
      is-typedarray: 1.0.0
    dev: false
    resolution:
      integrity: sha512-zdu8XMNEDepKKR+XYOXAVPtWui0ly0NtohUscw+UmaHiAWT8hrV1rr//H6V+0DvJ3OQ19S979M0laLfX8rm82Q==
  /universalify/0.1.2:
    dev: false
    engines:
      node: '>= 4.0.0'
    resolution:
      integrity: sha512-rBJeI5CXAlmy1pV+617WB9J63U6XcazHHF2f2dbJix4XzpUF0RS3Zbj0FGIOCAva5P/d/GBOYaACQ1w+0azUkg==
  /util-deprecate/1.0.2:
    dev: false
    resolution:
      integrity: sha1-RQ1Nyfpw3nMnYvvS1KKJgUGaDM8=
  /validate-npm-package-license/3.0.4:
    dependencies:
      spdx-correct: 3.1.1
      spdx-expression-parse: 3.0.1
    dev: false
    resolution:
      integrity: sha512-DpKm2Ui/xN7/HQKCtpZxoRWBhZ9Z0kqtygG8XCgNQ8ZlDnxuQmWhj566j8fN4Cu3/JmbhsDo7fcAJq4s9h27Ew==
  /validate-npm-package-name/3.0.0:
    dependencies:
      builtins: 1.0.3
    dev: false
    resolution:
      integrity: sha1-X6kS2B630MdK/BQN5zF/DKffQ34=
  /validator/8.2.0:
    dev: false
    engines:
      node: '>= 0.10'
    resolution:
      integrity: sha512-Yw5wW34fSv5spzTXNkokD6S6/Oq92d8q/t14TqsS3fAiA1RYnxSFSIZ+CY3n6PGGRCq5HhJTSepQvFUS2QUDxA==
  /wordwrap/1.0.0:
    dev: false
    resolution:
      integrity: sha1-J1hIEIkUVqQXHI0CJkQa3pDLyus=
  /wrappy/1.0.2:
    dev: false
    resolution:
      integrity: sha1-tSQ9jz7BqjXxNkYFvA0QNuMKtp8=
  /write-file-atomic/2.4.3:
    dependencies:
      graceful-fs: 4.2.4
      imurmurhash: 0.1.4
      signal-exit: 3.0.3
    dev: false
    resolution:
      integrity: sha512-GaETH5wwsX+GcnzhPgKcKjJ6M2Cq3/iZp1WyY/X1CSqrW+jVNM9Y7D8EC2sM4ZG/V8wZlSniJnCKWPmBYAucRQ==
  /write-file-atomic/3.0.3:
    dependencies:
      imurmurhash: 0.1.4
      is-typedarray: 1.0.0
      signal-exit: 3.0.3
      typedarray-to-buffer: 3.1.5
    dev: false
    resolution:
      integrity: sha512-AvHcyZ5JnSfq3ioSyjrBkH9yW4m7Ayk8/9My/DD9onKeu/94fwrMocemO2QAJFAlnnDN+ZDS+ZjAR5ua1/PV/Q==
  /write-yaml-file/4.1.0:
    dependencies:
      graceful-fs: 4.2.4
      js-yaml: 3.13.1
      write-file-atomic: 2.4.3
    dev: false
    engines:
      node: '>=10.13'
    resolution:
      integrity: sha512-jN421OlwO/MN/EwAykk5ic8AL9QAycpKGaHKFBlcr3aQ6RUX8ZbrreOPUuhoYSxj/o30FhOQLSH36WYldAFrUw==
  /yallist/4.0.0:
    dev: false
    resolution:
      integrity: sha512-3wdGidZyq5PB084XLES5TpOSRA3wjXAlIWMhum2kRcv/41Sn2emQ0dycQW4uZXLejwKvg6EsvbdlVL+FYEct7A==
  /z-schema/3.18.4:
    dependencies:
      lodash.get: 4.4.2
      lodash.isequal: 4.5.0
      validator: 8.2.0
    dev: false
    hasBin: true
    optionalDependencies:
      commander: 2.20.3
    resolution:
      integrity: sha512-DUOKC/IhbkdLKKiV89gw9DUauTV8U/8yJl1sjf6MtDmzevLKOF2duNJ495S3MFVjqZarr+qNGCPbkg4mu4PpLw==
specifiers:
  '@microsoft/rush-lib': ^5.33.2
  js-yaml: ~3.14.0
